// !$*UTF8*$!
{
	archiveVersion = 1;
	classes = {
	};
	objectVersion = 46;
	objects = {

/* Begin PBXBuildFile section */
		48000EA719A4AB92003CF8C3 /* Foundation.framework in Frameworks */ = {isa = PBXBuildFile; fileRef = 48000EA619A4AB92003CF8C3 /* Foundation.framework */; };
		48000EA919A4AB92003CF8C3 /* CoreGraphics.framework in Frameworks */ = {isa = PBXBuildFile; fileRef = 48000EA819A4AB92003CF8C3 /* CoreGraphics.framework */; };
		48000EAB19A4AB92003CF8C3 /* UIKit.framework in Frameworks */ = {isa = PBXBuildFile; fileRef = 48000EAA19A4AB92003CF8C3 /* UIKit.framework */; };
		48000EB119A4AB92003CF8C3 /* InfoPlist.strings in Resources */ = {isa = PBXBuildFile; fileRef = 48000EAF19A4AB92003CF8C3 /* InfoPlist.strings */; };
		48000EB319A4AB92003CF8C3 /* main.m in Sources */ = {isa = PBXBuildFile; fileRef = 48000EB219A4AB92003CF8C3 /* main.m */; };
		48000EB719A4AB92003CF8C3 /* AppDelegate.m in Sources */ = {isa = PBXBuildFile; fileRef = 48000EB619A4AB92003CF8C3 /* AppDelegate.m */; };
		48000EBA19A4AB92003CF8C3 /* Main_iPhone.storyboard in Resources */ = {isa = PBXBuildFile; fileRef = 48000EB819A4AB92003CF8C3 /* Main_iPhone.storyboard */; };
		48000EBD19A4AB92003CF8C3 /* Main_iPad.storyboard in Resources */ = {isa = PBXBuildFile; fileRef = 48000EBB19A4AB92003CF8C3 /* Main_iPad.storyboard */; };
		48000EC019A4AB92003CF8C3 /* MainViewController.m in Sources */ = {isa = PBXBuildFile; fileRef = 48000EBF19A4AB92003CF8C3 /* MainViewController.m */; };
		48000EC319A4AB92003CF8C3 /* FlipsideViewController.m in Sources */ = {isa = PBXBuildFile; fileRef = 48000EC219A4AB92003CF8C3 /* FlipsideViewController.m */; };
		48000EC519A4AB92003CF8C3 /* Images.xcassets in Resources */ = {isa = PBXBuildFile; fileRef = 48000EC419A4AB92003CF8C3 /* Images.xcassets */; };
		48000ECC19A4AB93003CF8C3 /* XCTest.framework in Frameworks */ = {isa = PBXBuildFile; fileRef = 48000ECB19A4AB93003CF8C3 /* XCTest.framework */; };
		48000ECD19A4AB93003CF8C3 /* Foundation.framework in Frameworks */ = {isa = PBXBuildFile; fileRef = 48000EA619A4AB92003CF8C3 /* Foundation.framework */; };
		48000ECE19A4AB93003CF8C3 /* UIKit.framework in Frameworks */ = {isa = PBXBuildFile; fileRef = 48000EAA19A4AB92003CF8C3 /* UIKit.framework */; };
		48000ED619A4AB93003CF8C3 /* InfoPlist.strings in Resources */ = {isa = PBXBuildFile; fileRef = 48000ED419A4AB93003CF8C3 /* InfoPlist.strings */; };
		48000ED819A4AB93003CF8C3 /* csu_waaremoteTests.m in Sources */ = {isa = PBXBuildFile; fileRef = 48000ED719A4AB93003CF8C3 /* csu_waaremoteTests.m */; };
/* End PBXBuildFile section */

/* Begin PBXContainerItemProxy section */
		48000ECF19A4AB93003CF8C3 /* PBXContainerItemProxy */ = {
			isa = PBXContainerItemProxy;
			containerPortal = 48000E9B19A4AB92003CF8C3 /* Project object */;
			proxyType = 1;
			remoteGlobalIDString = 48000EA219A4AB92003CF8C3;
			remoteInfo = csu.waaremote;
		};
/* End PBXContainerItemProxy section */

/* Begin PBXFileReference section */
		48000EA319A4AB92003CF8C3 /* csu.waaremote.app */ = {isa = PBXFileReference; explicitFileType = wrapper.application; includeInIndex = 0; path = csu.waaremote.app; sourceTree = BUILT_PRODUCTS_DIR; };
		48000EA619A4AB92003CF8C3 /* Foundation.framework */ = {isa = PBXFileReference; lastKnownFileType = wrapper.framework; name = Foundation.framework; path = System/Library/Frameworks/Foundation.framework; sourceTree = SDKROOT; };
		48000EA819A4AB92003CF8C3 /* CoreGraphics.framework */ = {isa = PBXFileReference; lastKnownFileType = wrapper.framework; name = CoreGraphics.framework; path = System/Library/Frameworks/CoreGraphics.framework; sourceTree = SDKROOT; };
		48000EAA19A4AB92003CF8C3 /* UIKit.framework */ = {isa = PBXFileReference; lastKnownFileType = wrapper.framework; name = UIKit.framework; path = System/Library/Frameworks/UIKit.framework; sourceTree = SDKROOT; };
		48000EAE19A4AB92003CF8C3 /* csu.waaremote-Info.plist */ = {isa = PBXFileReference; lastKnownFileType = text.plist.xml; path = "csu.waaremote-Info.plist"; sourceTree = "<group>"; };
		48000EB019A4AB92003CF8C3 /* en */ = {isa = PBXFileReference; lastKnownFileType = text.plist.strings; name = en; path = en.lproj/InfoPlist.strings; sourceTree = "<group>"; };
		48000EB219A4AB92003CF8C3 /* main.m */ = {isa = PBXFileReference; lastKnownFileType = sourcecode.c.objc; path = main.m; sourceTree = "<group>"; };
		48000EB419A4AB92003CF8C3 /* csu.waaremote-Prefix.pch */ = {isa = PBXFileReference; lastKnownFileType = sourcecode.c.h; path = "csu.waaremote-Prefix.pch"; sourceTree = "<group>"; };
		48000EB519A4AB92003CF8C3 /* AppDelegate.h */ = {isa = PBXFileReference; lastKnownFileType = sourcecode.c.h; path = AppDelegate.h; sourceTree = "<group>"; };
		48000EB619A4AB92003CF8C3 /* AppDelegate.m */ = {isa = PBXFileReference; lastKnownFileType = sourcecode.c.objc; path = AppDelegate.m; sourceTree = "<group>"; };
		48000EB919A4AB92003CF8C3 /* Base */ = {isa = PBXFileReference; lastKnownFileType = file.storyboard; name = Base; path = Base.lproj/Main_iPhone.storyboard; sourceTree = "<group>"; };
		48000EBC19A4AB92003CF8C3 /* Base */ = {isa = PBXFileReference; lastKnownFileType = file.storyboard; name = Base; path = Base.lproj/Main_iPad.storyboard; sourceTree = "<group>"; };
		48000EBE19A4AB92003CF8C3 /* MainViewController.h */ = {isa = PBXFileReference; lastKnownFileType = sourcecode.c.h; path = MainViewController.h; sourceTree = "<group>"; };
		48000EBF19A4AB92003CF8C3 /* MainViewController.m */ = {isa = PBXFileReference; lastKnownFileType = sourcecode.c.objc; path = MainViewController.m; sourceTree = "<group>"; };
		48000EC119A4AB92003CF8C3 /* FlipsideViewController.h */ = {isa = PBXFileReference; lastKnownFileType = sourcecode.c.h; path = FlipsideViewController.h; sourceTree = "<group>"; };
		48000EC219A4AB92003CF8C3 /* FlipsideViewController.m */ = {isa = PBXFileReference; lastKnownFileType = sourcecode.c.objc; path = FlipsideViewController.m; sourceTree = "<group>"; };
		48000EC419A4AB92003CF8C3 /* Images.xcassets */ = {isa = PBXFileReference; lastKnownFileType = folder.assetcatalog; path = Images.xcassets; sourceTree = "<group>"; };
		48000ECA19A4AB93003CF8C3 /* csu.waaremoteTests.xctest */ = {isa = PBXFileReference; explicitFileType = wrapper.cfbundle; includeInIndex = 0; path = csu.waaremoteTests.xctest; sourceTree = BUILT_PRODUCTS_DIR; };
		48000ECB19A4AB93003CF8C3 /* XCTest.framework */ = {isa = PBXFileReference; lastKnownFileType = wrapper.framework; name = XCTest.framework; path = Library/Frameworks/XCTest.framework; sourceTree = DEVELOPER_DIR; };
		48000ED319A4AB93003CF8C3 /* csu.waaremoteTests-Info.plist */ = {isa = PBXFileReference; lastKnownFileType = text.plist.xml; path = "csu.waaremoteTests-Info.plist"; sourceTree = "<group>"; };
		48000ED519A4AB93003CF8C3 /* en */ = {isa = PBXFileReference; lastKnownFileType = text.plist.strings; name = en; path = en.lproj/InfoPlist.strings; sourceTree = "<group>"; };
		48000ED719A4AB93003CF8C3 /* csu_waaremoteTests.m */ = {isa = PBXFileReference; lastKnownFileType = sourcecode.c.objc; path = csu_waaremoteTests.m; sourceTree = "<group>"; };
/* End PBXFileReference section */

/* Begin PBXFrameworksBuildPhase section */
		48000EA019A4AB92003CF8C3 /* Frameworks */ = {
			isa = PBXFrameworksBuildPhase;
			buildActionMask = 2147483647;
			files = (
				48000EA919A4AB92003CF8C3 /* CoreGraphics.framework in Frameworks */,
				48000EAB19A4AB92003CF8C3 /* UIKit.framework in Frameworks */,
				48000EA719A4AB92003CF8C3 /* Foundation.framework in Frameworks */,
			);
			runOnlyForDeploymentPostprocessing = 0;
		};
		48000EC719A4AB93003CF8C3 /* Frameworks */ = {
			isa = PBXFrameworksBuildPhase;
			buildActionMask = 2147483647;
			files = (
				48000ECC19A4AB93003CF8C3 /* XCTest.framework in Frameworks */,
				48000ECE19A4AB93003CF8C3 /* UIKit.framework in Frameworks */,
				48000ECD19A4AB93003CF8C3 /* Foundation.framework in Frameworks */,
			);
			runOnlyForDeploymentPostprocessing = 0;
		};
/* End PBXFrameworksBuildPhase section */

/* Begin PBXGroup section */
		48000E9A19A4AB92003CF8C3 = {
			isa = PBXGroup;
			children = (
				48000EAC19A4AB92003CF8C3 /* csu.waaremote */,
				48000ED119A4AB93003CF8C3 /* csu.waaremoteTests */,
				48000EA519A4AB92003CF8C3 /* Frameworks */,
				48000EA419A4AB92003CF8C3 /* Products */,
			);
			sourceTree = "<group>";
		};
		48000EA419A4AB92003CF8C3 /* Products */ = {
			isa = PBXGroup;
			children = (
				48000EA319A4AB92003CF8C3 /* csu.waaremote.app */,
				48000ECA19A4AB93003CF8C3 /* csu.waaremoteTests.xctest */,
			);
			name = Products;
			sourceTree = "<group>";
		};
		48000EA519A4AB92003CF8C3 /* Frameworks */ = {
			isa = PBXGroup;
			children = (
				48000EA619A4AB92003CF8C3 /* Foundation.framework */,
				48000EA819A4AB92003CF8C3 /* CoreGraphics.framework */,
				48000EAA19A4AB92003CF8C3 /* UIKit.framework */,
				48000ECB19A4AB93003CF8C3 /* XCTest.framework */,
			);
			name = Frameworks;
			sourceTree = "<group>";
		};
		48000EAC19A4AB92003CF8C3 /* csu.waaremote */ = {
			isa = PBXGroup;
			children = (
				48000EB519A4AB92003CF8C3 /* AppDelegate.h */,
				48000EB619A4AB92003CF8C3 /* AppDelegate.m */,
				48000EB819A4AB92003CF8C3 /* Main_iPhone.storyboard */,
				48000EBB19A4AB92003CF8C3 /* Main_iPad.storyboard */,
				48000EBE19A4AB92003CF8C3 /* MainViewController.h */,
				48000EBF19A4AB92003CF8C3 /* MainViewController.m */,
				48000EC119A4AB92003CF8C3 /* FlipsideViewController.h */,
				48000EC219A4AB92003CF8C3 /* FlipsideViewController.m */,
				48000EC419A4AB92003CF8C3 /* Images.xcassets */,
				48000EAD19A4AB92003CF8C3 /* Supporting Files */,
			);
			path = csu.waaremote;
			sourceTree = "<group>";
		};
		48000EAD19A4AB92003CF8C3 /* Supporting Files */ = {
			isa = PBXGroup;
			children = (
				48000EAE19A4AB92003CF8C3 /* csu.waaremote-Info.plist */,
				48000EAF19A4AB92003CF8C3 /* InfoPlist.strings */,
				48000EB219A4AB92003CF8C3 /* main.m */,
				48000EB419A4AB92003CF8C3 /* csu.waaremote-Prefix.pch */,
			);
			name = "Supporting Files";
			sourceTree = "<group>";
		};
		48000ED119A4AB93003CF8C3 /* csu.waaremoteTests */ = {
			isa = PBXGroup;
			children = (
				48000ED719A4AB93003CF8C3 /* csu_waaremoteTests.m */,
				48000ED219A4AB93003CF8C3 /* Supporting Files */,
			);
			path = csu.waaremoteTests;
			sourceTree = "<group>";
		};
		48000ED219A4AB93003CF8C3 /* Supporting Files */ = {
			isa = PBXGroup;
			children = (
				48000ED319A4AB93003CF8C3 /* csu.waaremoteTests-Info.plist */,
				48000ED419A4AB93003CF8C3 /* InfoPlist.strings */,
			);
			name = "Supporting Files";
			sourceTree = "<group>";
		};
/* End PBXGroup section */

/* Begin PBXNativeTarget section */
		48000EA219A4AB92003CF8C3 /* csu.waaremote */ = {
			isa = PBXNativeTarget;
			buildConfigurationList = 48000EDB19A4AB93003CF8C3 /* Build configuration list for PBXNativeTarget "csu.waaremote" */;
			buildPhases = (
				48000E9F19A4AB92003CF8C3 /* Sources */,
				48000EA019A4AB92003CF8C3 /* Frameworks */,
				48000EA119A4AB92003CF8C3 /* Resources */,
			);
			buildRules = (
			);
			dependencies = (
			);
			name = csu.waaremote;
			productName = csu.waaremote;
			productReference = 48000EA319A4AB92003CF8C3 /* csu.waaremote.app */;
			productType = "com.apple.product-type.application";
		};
		48000EC919A4AB93003CF8C3 /* csu.waaremoteTests */ = {
			isa = PBXNativeTarget;
			buildConfigurationList = 48000EDE19A4AB93003CF8C3 /* Build configuration list for PBXNativeTarget "csu.waaremoteTests" */;
			buildPhases = (
				48000EC619A4AB93003CF8C3 /* Sources */,
				48000EC719A4AB93003CF8C3 /* Frameworks */,
				48000EC819A4AB93003CF8C3 /* Resources */,
			);
			buildRules = (
			);
			dependencies = (
				48000ED019A4AB93003CF8C3 /* PBXTargetDependency */,
			);
			name = csu.waaremoteTests;
			productName = csu.waaremoteTests;
			productReference = 48000ECA19A4AB93003CF8C3 /* csu.waaremoteTests.xctest */;
			productType = "com.apple.product-type.bundle.unit-test";
		};
/* End PBXNativeTarget section */

/* Begin PBXProject section */
		48000E9B19A4AB92003CF8C3 /* Project object */ = {
			isa = PBXProject;
			attributes = {
				LastUpgradeCheck = 0510;
				ORGANIZATIONNAME = "___FULLUSERNAME___";
				TargetAttributes = {
					48000EC919A4AB93003CF8C3 = {
						TestTargetID = 48000EA219A4AB92003CF8C3;
					};
				};
			};
			buildConfigurationList = 48000E9E19A4AB92003CF8C3 /* Build configuration list for PBXProject "csu.waaremote" */;
			compatibilityVersion = "Xcode 3.2";
			developmentRegion = English;
			hasScannedForEncodings = 0;
			knownRegions = (
				en,
				Base,
			);
			mainGroup = 48000E9A19A4AB92003CF8C3;
			productRefGroup = 48000EA419A4AB92003CF8C3 /* Products */;
			projectDirPath = "";
			projectRoot = "";
			targets = (
				48000EA219A4AB92003CF8C3 /* csu.waaremote */,
				48000EC919A4AB93003CF8C3 /* csu.waaremoteTests */,
			);
		};
/* End PBXProject section */

/* Begin PBXResourcesBuildPhase section */
		48000EA119A4AB92003CF8C3 /* Resources */ = {
			isa = PBXResourcesBuildPhase;
			buildActionMask = 2147483647;
			files = (
				48000EBD19A4AB92003CF8C3 /* Main_iPad.storyboard in Resources */,
				48000EC519A4AB92003CF8C3 /* Images.xcassets in Resources */,
				48000EBA19A4AB92003CF8C3 /* Main_iPhone.storyboard in Resources */,
				48000EB119A4AB92003CF8C3 /* InfoPlist.strings in Resources */,
			);
			runOnlyForDeploymentPostprocessing = 0;
		};
		48000EC819A4AB93003CF8C3 /* Resources */ = {
			isa = PBXResourcesBuildPhase;
			buildActionMask = 2147483647;
			files = (
				48000ED619A4AB93003CF8C3 /* InfoPlist.strings in Resources */,
			);
			runOnlyForDeploymentPostprocessing = 0;
		};
/* End PBXResourcesBuildPhase section */

/* Begin PBXSourcesBuildPhase section */
		48000E9F19A4AB92003CF8C3 /* Sources */ = {
			isa = PBXSourcesBuildPhase;
			buildActionMask = 2147483647;
			files = (
				48000EB719A4AB92003CF8C3 /* AppDelegate.m in Sources */,
				48000EC019A4AB92003CF8C3 /* MainViewController.m in Sources */,
				48000EC319A4AB92003CF8C3 /* FlipsideViewController.m in Sources */,
				48000EB319A4AB92003CF8C3 /* main.m in Sources */,
			);
			runOnlyForDeploymentPostprocessing = 0;
		};
		48000EC619A4AB93003CF8C3 /* Sources */ = {
			isa = PBXSourcesBuildPhase;
			buildActionMask = 2147483647;
			files = (
				48000ED819A4AB93003CF8C3 /* csu_waaremoteTests.m in Sources */,
			);
			runOnlyForDeploymentPostprocessing = 0;
		};
/* End PBXSourcesBuildPhase section */

/* Begin PBXTargetDependency section */
		48000ED019A4AB93003CF8C3 /* PBXTargetDependency */ = {
			isa = PBXTargetDependency;
			target = 48000EA219A4AB92003CF8C3 /* csu.waaremote */;
			targetProxy = 48000ECF19A4AB93003CF8C3 /* PBXContainerItemProxy */;
		};
/* End PBXTargetDependency section */

/* Begin PBXVariantGroup section */
		48000EAF19A4AB92003CF8C3 /* InfoPlist.strings */ = {
			isa = PBXVariantGroup;
			children = (
				48000EB019A4AB92003CF8C3 /* en */,
			);
			name = InfoPlist.strings;
			sourceTree = "<group>";
		};
		48000EB819A4AB92003CF8C3 /* Main_iPhone.storyboard */ = {
			isa = PBXVariantGroup;
			children = (
				48000EB919A4AB92003CF8C3 /* Base */,
			);
			name = Main_iPhone.storyboard;
			sourceTree = "<group>";
		};
		48000EBB19A4AB92003CF8C3 /* Main_iPad.storyboard */ = {
			isa = PBXVariantGroup;
			children = (
				48000EBC19A4AB92003CF8C3 /* Base */,
			);
			name = Main_iPad.storyboard;
			sourceTree = "<group>";
		};
		48000ED419A4AB93003CF8C3 /* InfoPlist.strings */ = {
			isa = PBXVariantGroup;
			children = (
				48000ED519A4AB93003CF8C3 /* en */,
			);
			name = InfoPlist.strings;
			sourceTree = "<group>";
		};
/* End PBXVariantGroup section */

/* Begin XCBuildConfiguration section */
		48000ED919A4AB93003CF8C3 /* Debug */ = {
			isa = XCBuildConfiguration;
			buildSettings = {
				ALWAYS_SEARCH_USER_PATHS = NO;
				CLANG_CXX_LANGUAGE_STANDARD = "gnu++0x";
				CLANG_CXX_LIBRARY = "libc++";
				CLANG_ENABLE_MODULES = YES;
				CLANG_ENABLE_OBJC_ARC = YES;
				CLANG_WARN_BOOL_CONVERSION = YES;
				CLANG_WARN_CONSTANT_CONVERSION = YES;
				CLANG_WARN_DIRECT_OBJC_ISA_USAGE = YES_ERROR;
				CLANG_WARN_EMPTY_BODY = YES;
				CLANG_WARN_ENUM_CONVERSION = YES;
				CLANG_WARN_INT_CONVERSION = YES;
				CLANG_WARN_OBJC_ROOT_CLASS = YES_ERROR;
				CLANG_WARN__DUPLICATE_METHOD_MATCH = YES;
				"CODE_SIGN_IDENTITY[sdk=iphoneos*]" = "iPhone Developer";
				COPY_PHASE_STRIP = NO;
				GCC_C_LANGUAGE_STANDARD = gnu99;
				GCC_DYNAMIC_NO_PIC = NO;
				GCC_OPTIMIZATION_LEVEL = 0;
				GCC_PREPROCESSOR_DEFINITIONS = (
					"DEBUG=1",
					"$(inherited)",
				);
				GCC_SYMBOLS_PRIVATE_EXTERN = NO;
				GCC_WARN_64_TO_32_BIT_CONVERSION = YES;
				GCC_WARN_ABOUT_RETURN_TYPE = YES_ERROR;
				GCC_WARN_UNDECLARED_SELECTOR = YES;
				GCC_WARN_UNINITIALIZED_AUTOS = YES_AGGRESSIVE;
				GCC_WARN_UNUSED_FUNCTION = YES;
				GCC_WARN_UNUSED_VARIABLE = YES;
				IPHONEOS_DEPLOYMENT_TARGET = 7.1;
				ONLY_ACTIVE_ARCH = YES;
				SDKROOT = iphoneos;
				TARGETED_DEVICE_FAMILY = "1,2";
			};
			name = Debug;
		};
		48000EDA19A4AB93003CF8C3 /* Release */ = {
			isa = XCBuildConfiguration;
			buildSettings = {
				ALWAYS_SEARCH_USER_PATHS = NO;
				CLANG_CXX_LANGUAGE_STANDARD = "gnu++0x";
				CLANG_CXX_LIBRARY = "libc++";
				CLANG_ENABLE_MODULES = YES;
				CLANG_ENABLE_OBJC_ARC = YES;
				CLANG_WARN_BOOL_CONVERSION = YES;
				CLANG_WARN_CONSTANT_CONVERSION = YES;
				CLANG_WARN_DIRECT_OBJC_ISA_USAGE = YES_ERROR;
				CLANG_WARN_EMPTY_BODY = YES;
				CLANG_WARN_ENUM_CONVERSION = YES;
				CLANG_WARN_INT_CONVERSION = YES;
				CLANG_WARN_OBJC_ROOT_CLASS = YES_ERROR;
				CLANG_WARN__DUPLICATE_METHOD_MATCH = YES;
				"CODE_SIGN_IDENTITY[sdk=iphoneos*]" = "iPhone Developer";
				COPY_PHASE_STRIP = YES;
				ENABLE_NS_ASSERTIONS = NO;
				GCC_C_LANGUAGE_STANDARD = gnu99;
				GCC_WARN_64_TO_32_BIT_CONVERSION = YES;
				GCC_WARN_ABOUT_RETURN_TYPE = YES_ERROR;
				GCC_WARN_UNDECLARED_SELECTOR = YES;
				GCC_WARN_UNINITIALIZED_AUTOS = YES_AGGRESSIVE;
				GCC_WARN_UNUSED_FUNCTION = YES;
				GCC_WARN_UNUSED_VARIABLE = YES;
				IPHONEOS_DEPLOYMENT_TARGET = 7.1;
				SDKROOT = iphoneos;
				TARGETED_DEVICE_FAMILY = "1,2";
				VALIDATE_PRODUCT = YES;
			};
			name = Release;
		};
		48000EDC19A4AB93003CF8C3 /* Debug */ = {
			isa = XCBuildConfiguration;
			buildSettings = {
				ASSETCATALOG_COMPILER_APPICON_NAME = AppIcon;
				ASSETCATALOG_COMPILER_LAUNCHIMAGE_NAME = LaunchImage;
				GCC_PRECOMPILE_PREFIX_HEADER = YES;
				GCC_PREFIX_HEADER = "csu.waaremote/csu.waaremote-Prefix.pch";
				INFOPLIST_FILE = "csu.waaremote/csu.waaremote-Info.plist";
				PRODUCT_NAME = "$(TARGET_NAME)";
				WRAPPER_EXTENSION = app;
			};
			name = Debug;
		};
		48000EDD19A4AB93003CF8C3 /* Release */ = {
			isa = XCBuildConfiguration;
			buildSettings = {
				ASSETCATALOG_COMPILER_APPICON_NAME = AppIcon;
				ASSETCATALOG_COMPILER_LAUNCHIMAGE_NAME = LaunchImage;
				GCC_PRECOMPILE_PREFIX_HEADER = YES;
				GCC_PREFIX_HEADER = "csu.waaremote/csu.waaremote-Prefix.pch";
				INFOPLIST_FILE = "csu.waaremote/csu.waaremote-Info.plist";
				PRODUCT_NAME = "$(TARGET_NAME)";
				WRAPPER_EXTENSION = app;
			};
			name = Release;
		};
		48000EDF19A4AB93003CF8C3 /* Debug */ = {
			isa = XCBuildConfiguration;
			buildSettings = {
				BUNDLE_LOADER = "$(BUILT_PRODUCTS_DIR)/csu.waaremote.app/csu.waaremote";
				FRAMEWORK_SEARCH_PATHS = (
					"$(SDKROOT)/Developer/Library/Frameworks",
					"$(inherited)",
					"$(DEVELOPER_FRAMEWORKS_DIR)",
				);
				GCC_PRECOMPILE_PREFIX_HEADER = YES;
				GCC_PREFIX_HEADER = "csu.waaremote/csu.waaremote-Prefix.pch";
				GCC_PREPROCESSOR_DEFINITIONS = (
					"DEBUG=1",
					"$(inherited)",
				);
				INFOPLIST_FILE = "csu.waaremoteTests/csu.waaremoteTests-Info.plist";
				PRODUCT_NAME = "$(TARGET_NAME)";
				TEST_HOST = "$(BUNDLE_LOADER)";
				WRAPPER_EXTENSION = xctest;
			};
			name = Debug;
		};
		48000EE019A4AB93003CF8C3 /* Release */ = {
			isa = XCBuildConfiguration;
			buildSettings = {
				BUNDLE_LOADER = "$(BUILT_PRODUCTS_DIR)/csu.waaremote.app/csu.waaremote";
				FRAMEWORK_SEARCH_PATHS = (
					"$(SDKROOT)/Developer/Library/Frameworks",
					"$(inherited)",
					"$(DEVELOPER_FRAMEWORKS_DIR)",
				);
				GCC_PRECOMPILE_PREFIX_HEADER = YES;
				GCC_PREFIX_HEADER = "csu.waaremote/csu.waaremote-Prefix.pch";
				INFOPLIST_FILE = "csu.waaremoteTests/csu.waaremoteTests-Info.plist";
				PRODUCT_NAME = "$(TARGET_NAME)";
				TEST_HOST = "$(BUNDLE_LOADER)";
				WRAPPER_EXTENSION = xctest;
			};
			name = Release;
		};
/* End XCBuildConfiguration section */

/* Begin XCConfigurationList section */
		48000E9E19A4AB92003CF8C3 /* Build configuration list for PBXProject "csu.waaremote" */ = {
			isa = XCConfigurationList;
			buildConfigurations = (
				48000ED919A4AB93003CF8C3 /* Debug */,
				48000EDA19A4AB93003CF8C3 /* Release */,
			);
			defaultConfigurationIsVisible = 0;
			defaultConfigurationName = Release;
		};
		48000EDB19A4AB93003CF8C3 /* Build configuration list for PBXNativeTarget "csu.waaremote" */ = {
			isa = XCConfigurationList;
			buildConfigurations = (
				48000EDC19A4AB93003CF8C3 /* Debug */,
				48000EDD19A4AB93003CF8C3 /* Release */,
			);
			defaultConfigurationIsVisible = 0;
		};
		48000EDE19A4AB93003CF8C3 /* Build configuration list for PBXNativeTarget "csu.waaremoteTests" */ = {
			isa = XCConfigurationList;
			buildConfigurations = (
				48000EDF19A4AB93003CF8C3 /* Debug */,
				48000EE019A4AB93003CF8C3 /* Release */,
			);
			defaultConfigurationIsVisible = 0;
		};
/* End XCConfigurationList section */
	};
	rootObject = 48000E9B19A4AB92003CF8C3 /* Project object */;
}
